
Microsoft Visual Studio Solution File, Format Version 12.00
# Visual Studio 15
VisualStudioVersion = 15.0.28307.1062
MinimumVisualStudioVersion = 10.0.40219.1
Project("{FAE04EC0-301F-11D3-BF4B-00C04F79EFBC}") = "AccessToBom_Cube", "AccessToBom_Cube\AccessToBom_Cube.csproj", "{DBD4EAA9-67C7-4E77-A51C-C86EB6C7EED7}"
EndProject
Global
	GlobalSection(SolutionConfigurationPlatforms) = preSolution
		Debug|Any CPU = Debug|Any CPU
		Release|Any CPU = Release|Any CPU
	EndGlobalSection
	GlobalSection(ProjectConfigurationPlatforms) = postSolution
		{DBD4EAA9-67C7-4E77-A51C-C86EB6C7EED7}.Debug|Any CPU.ActiveCfg = Debug|Any CPU
		{DBD4EAA9-67C7-4E77-A51C-C86EB6C7EED7}.Debug|Any CPU.Build.0 = Debug|Any CPU
		{DBD4EAA9-67C7-4E77-A51C-C86EB6C7EED7}.Release|Any CPU.ActiveCfg = Release|Any CPU
		{DBD4EAA9-67C7-4E77-A51C-C86EB6C7EED7}.Release|Any CPU.Build.0 = Release|Any CPU
	EndGlobalSection
	GlobalSection(SolutionProperties) = preSolution
		HideSolutionNode = FALSE
	EndGlobalSection
	GlobalSection(ExtensibilityGlobals) = postSolution
		SolutionGuid = {88FE435A-501D-473D-B265-EFCACFCA8C00}
	EndGlobalSection
EndGlobal
